PODS:
  - ScrollViewPagingAndReload (0.1.1)

DEPENDENCIES:
  - ScrollViewPagingAndReload (from `../`)

EXTERNAL SOURCES:
  ScrollViewPagingAndReload:
    :path: "../"

SPEC CHECKSUMS:
  ScrollViewPagingAndReload: 41311289bcadeb34b0f892b0810b13231abd9364

PODFILE CHECKSUM: 9af343448bcd7c5b8952148bef1603d79888244d

COCOAPODS: 1.5.3
